Microsoft Visual Studio Solution File, Format Version 12.00
# Visual Studio Version 17
VisualStudioVersion = 17.5.2.0
MinimumVisualStudioVersion = 10.0.40219.1
Project("{2150E333-8FDC-42A3-9474-1A3956D46DE8}") = "app", "app", "{F95F473B-E98A-ACD6-1986-755F447BE36F}"
EndProject
Project("{FAE04EC0-301F-11D3-BF4B-00C04F79EFBC}") = "backend", "app\backend\backend.csproj", "{37D775D0-E174-AE32-3C46-4CA8204CBEDD}"
EndProject
Global
	GlobalSection(SolutionConfigurationPlatforms) = preSolution
		Debug|Any CPU = Debug|Any CPU
		Release|Any CPU = Release|Any CPU
	EndGlobalSection
	GlobalSection(ProjectConfigurationPlatforms) = postSolution
		{37D775D0-E174-AE32-3C46-4CA8204CBEDD}.Debug|Any CPU.ActiveCfg = Debug|Any CPU
		{37D775D0-E174-AE32-3C46-4CA8204CBEDD}.Debug|Any CPU.Build.0 = Debug|Any CPU
		{37D775D0-E174-AE32-3C46-4CA8204CBEDD}.Release|Any CPU.ActiveCfg = Release|Any CPU
		{37D775D0-E174-AE32-3C46-4CA8204CBEDD}.Release|Any CPU.Build.0 = Release|Any CPU
	EndGlobalSection
	GlobalSection(SolutionProperties) = preSolution
		HideSolutionNode = FALSE
	EndGlobalSection
	GlobalSection(NestedProjects) = preSolution
		{37D775D0-E174-AE32-3C46-4CA8204CBEDD} = {F95F473B-E98A-ACD6-1986-755F447BE36F}
	EndGlobalSection
	GlobalSection(ExtensibilityGlobals) = postSolution
		SolutionGuid = {2FF10344-7A56-4413-AAD9-D539D4E12A05}
	EndGlobalSection
EndGlobal
